
Microsoft Visual Studio Solution File, Format Version 12.00
# Visual Studio Version 17
VisualStudioVersion = 17.5.002.0
MinimumVisualStudioVersion = 10.0.40219.1
Project("{9A19103F-16F7-4668-BE54-9A1E7A4F7556}") = "minimal-api", "minimal-api.csproj", "{AC98AB81-AE51-4741-A9DF-C68E7D6510E3}"
EndProject
Global
	GlobalSection(SolutionConfigurationPlatforms) = preSolution
		Debug|Any CPU = Debug|Any CPU
		Release|Any CPU = Release|Any CPU
	EndGlobalSection
	GlobalSection(ProjectConfigurationPlatforms) = postSolution
		{AC98AB81-AE51-4741-A9DF-C68E7D6510E3}.Debug|Any CPU.ActiveCfg = Debug|Any CPU
		{AC98AB81-AE51-4741-A9DF-C68E7D6510E3}.Debug|Any CPU.Build.0 = Debug|Any CPU
		{AC98AB81-AE51-4741-A9DF-C68E7D6510E3}.Release|Any CPU.ActiveCfg = Release|Any CPU
		{AC98AB81-AE51-4741-A9DF-C68E7D6510E3}.Release|Any CPU.Build.0 = Release|Any CPU
	EndGlobalSection
	GlobalSection(SolutionProperties) = preSolution
		HideSolutionNode = FALSE
	EndGlobalSection
	GlobalSection(ExtensibilityGlobals) = postSolution
		SolutionGuid = {D26278F7-BA6E-4B25-967F-A4ED422D69F2}
	EndGlobalSection
EndGlobal
